
Microsoft Visual Studio Solution File, Format Version 12.00
# Visual Studio Version 17
VisualStudioVersion = 17.2.32519.379
MinimumVisualStudioVersion = 10.0.40219.1
Project("{FAE04EC0-301F-11D3-BF4B-00C04F79EFBC}") = "LINQDataAccess", "LINQDataAccess\LINQDataAccess.csproj", "{9F270895-377E-418D-A8EE-F9E47E623083}"
EndProject
Project("{FAE04EC0-301F-11D3-BF4B-00C04F79EFBC}") = "LINQConsola", "LINQConsola\LINQConsola.csproj", "{5B2DE5A3-4CEA-4EC1-B296-382060A1D695}"
EndProject
Project("{FAE04EC0-301F-11D3-BF4B-00C04F79EFBC}") = "PracticaLINQTest", "PracticaLINQTest\PracticaLINQTest.csproj", "{E835BED7-BC44-4153-A789-72533CF5942E}"
EndProject
Global
	GlobalSection(SolutionConfigurationPlatforms) = preSolution
		Debug|Any CPU = Debug|Any CPU
		Release|Any CPU = Release|Any CPU
	EndGlobalSection
	GlobalSection(ProjectConfigurationPlatforms) = postSolution
		{9F270895-377E-418D-A8EE-F9E47E623083}.Debug|Any CPU.ActiveCfg = Debug|Any CPU
		{9F270895-377E-418D-A8EE-F9E47E623083}.Debug|Any CPU.Build.0 = Debug|Any CPU
		{9F270895-377E-418D-A8EE-F9E47E623083}.Release|Any CPU.ActiveCfg = Release|Any CPU
		{9F270895-377E-418D-A8EE-F9E47E623083}.Release|Any CPU.Build.0 = Release|Any CPU
		{5B2DE5A3-4CEA-4EC1-B296-382060A1D695}.Debug|Any CPU.ActiveCfg = Debug|Any CPU
		{5B2DE5A3-4CEA-4EC1-B296-382060A1D695}.Debug|Any CPU.Build.0 = Debug|Any CPU
		{5B2DE5A3-4CEA-4EC1-B296-382060A1D695}.Release|Any CPU.ActiveCfg = Release|Any CPU
		{5B2DE5A3-4CEA-4EC1-B296-382060A1D695}.Release|Any CPU.Build.0 = Release|Any CPU
		{E835BED7-BC44-4153-A789-72533CF5942E}.Debug|Any CPU.ActiveCfg = Debug|Any CPU
		{E835BED7-BC44-4153-A789-72533CF5942E}.Debug|Any CPU.Build.0 = Debug|Any CPU
		{E835BED7-BC44-4153-A789-72533CF5942E}.Release|Any CPU.ActiveCfg = Release|Any CPU
		{E835BED7-BC44-4153-A789-72533CF5942E}.Release|Any CPU.Build.0 = Release|Any CPU
	EndGlobalSection
	GlobalSection(SolutionProperties) = preSolution
		HideSolutionNode = FALSE
	EndGlobalSection
	GlobalSection(ExtensibilityGlobals) = postSolution
		SolutionGuid = {26BE346A-E5D4-4226-8AB5-46FCE3E25220}
	EndGlobalSection
EndGlobal
