
Microsoft Visual Studio Solution File, Format Version 12.00
# Visual Studio Version 17
VisualStudioVersion = 17.2.32519.379
MinimumVisualStudioVersion = 10.0.40219.1
Project("{FAE04EC0-301F-11D3-BF4B-00C04F79EFBC}") = "AdministracionPagos.Api", "AdministracionPagos.Api\AdministracionPagos.Api.csproj", "{3B602960-78CE-4501-B6ED-33B35655C6CD}"
EndProject
Project("{FAE04EC0-301F-11D3-BF4B-00C04F79EFBC}") = "AdministracionPagos.Dominio", "AdministracionPagos.Dominio\AdministracionPagos.Dominio.csproj", "{03530E50-9D54-4AA8-A9BF-3F0CBB863E09}"
EndProject
Project("{FAE04EC0-301F-11D3-BF4B-00C04F79EFBC}") = "AdministracionPagos.Infraestructura", "AdministracionPagos.Infraestructura\AdministracionPagos.Infraestructura.csproj", "{5D52CF26-7A74-4ECA-92D6-48C85C367B4F}"
EndProject
Project("{FAE04EC0-301F-11D3-BF4B-00C04F79EFBC}") = "AdministracionPagos.Aplicacion", "AdministracionPagos.Aplicacion\AdministracionPagos.Aplicacion.csproj", "{7210B7A8-6573-4FAF-BAA4-8E69BE495667}"
EndProject
Global
	GlobalSection(SolutionConfigurationPlatforms) = preSolution
		Debug|Any CPU = Debug|Any CPU
		Release|Any CPU = Release|Any CPU
	EndGlobalSection
	GlobalSection(ProjectConfigurationPlatforms) = postSolution
		{3B602960-78CE-4501-B6ED-33B35655C6CD}.Debug|Any CPU.ActiveCfg = Debug|Any CPU
		{3B602960-78CE-4501-B6ED-33B35655C6CD}.Debug|Any CPU.Build.0 = Debug|Any CPU
		{3B602960-78CE-4501-B6ED-33B35655C6CD}.Release|Any CPU.ActiveCfg = Release|Any CPU
		{3B602960-78CE-4501-B6ED-33B35655C6CD}.Release|Any CPU.Build.0 = Release|Any CPU
		{03530E50-9D54-4AA8-A9BF-3F0CBB863E09}.Debug|Any CPU.ActiveCfg = Debug|Any CPU
		{03530E50-9D54-4AA8-A9BF-3F0CBB863E09}.Debug|Any CPU.Build.0 = Debug|Any CPU
		{03530E50-9D54-4AA8-A9BF-3F0CBB863E09}.Release|Any CPU.ActiveCfg = Release|Any CPU
		{03530E50-9D54-4AA8-A9BF-3F0CBB863E09}.Release|Any CPU.Build.0 = Release|Any CPU
		{5D52CF26-7A74-4ECA-92D6-48C85C367B4F}.Debug|Any CPU.ActiveCfg = Debug|Any CPU
		{5D52CF26-7A74-4ECA-92D6-48C85C367B4F}.Debug|Any CPU.Build.0 = Debug|Any CPU
		{5D52CF26-7A74-4ECA-92D6-48C85C367B4F}.Release|Any CPU.ActiveCfg = Release|Any CPU
		{5D52CF26-7A74-4ECA-92D6-48C85C367B4F}.Release|Any CPU.Build.0 = Release|Any CPU
		{7210B7A8-6573-4FAF-BAA4-8E69BE495667}.Debug|Any CPU.ActiveCfg = Debug|Any CPU
		{7210B7A8-6573-4FAF-BAA4-8E69BE495667}.Debug|Any CPU.Build.0 = Debug|Any CPU
		{7210B7A8-6573-4FAF-BAA4-8E69BE495667}.Release|Any CPU.ActiveCfg = Release|Any CPU
		{7210B7A8-6573-4FAF-BAA4-8E69BE495667}.Release|Any CPU.Build.0 = Release|Any CPU
	EndGlobalSection
	GlobalSection(SolutionProperties) = preSolution
		HideSolutionNode = FALSE
	EndGlobalSection
	GlobalSection(ExtensibilityGlobals) = postSolution
		SolutionGuid = {9E104A9A-C9D3-41C5-8CE3-BEE70174CB18}
	EndGlobalSection
EndGlobal
