
Microsoft Visual Studio Solution File, Format Version 12.00
# Visual Studio Version 17
VisualStudioVersion = 17.2.32519.379
MinimumVisualStudioVersion = 10.0.40219.1
Project("{FAE04EC0-301F-11D3-BF4B-00C04F79EFBC}") = "Curso.Biblioteca.WebApi", "Curso.Biblioteca.WebApi\Curso.Biblioteca.WebApi.csproj", "{B3CC86CB-0F00-4AC1-98DE-63146A318C87}"
EndProject
Project("{FAE04EC0-301F-11D3-BF4B-00C04F79EFBC}") = "Curso.Biblioteca.Aplicacion", "Curso.Biblioteca.Aplicacion\Curso.Biblioteca.Aplicacion.csproj", "{5996A318-3F74-44BC-97C1-21CD0C2D1406}"
EndProject
Project("{FAE04EC0-301F-11D3-BF4B-00C04F79EFBC}") = "Curso.Biblioteca.Dominio", "Curso.Biblioteca.Dominio\Curso.Biblioteca.Dominio.csproj", "{B9AD1505-71F9-4D20-80E5-55970B5B3064}"
EndProject
Project("{FAE04EC0-301F-11D3-BF4B-00C04F79EFBC}") = "Curso.Biblioteca.Infraestructura", "Curso.Biblioteca.Infraestructura\Curso.Biblioteca.Infraestructura.csproj", "{5ED7EF2D-8F9B-4F06-B679-E3A5D091DB1D}"
EndProject
Global
	GlobalSection(SolutionConfigurationPlatforms) = preSolution
		Debug|Any CPU = Debug|Any CPU
		Release|Any CPU = Release|Any CPU
	EndGlobalSection
	GlobalSection(ProjectConfigurationPlatforms) = postSolution
		{B3CC86CB-0F00-4AC1-98DE-63146A318C87}.Debug|Any CPU.ActiveCfg = Debug|Any CPU
		{B3CC86CB-0F00-4AC1-98DE-63146A318C87}.Debug|Any CPU.Build.0 = Debug|Any CPU
		{B3CC86CB-0F00-4AC1-98DE-63146A318C87}.Release|Any CPU.ActiveCfg = Release|Any CPU
		{B3CC86CB-0F00-4AC1-98DE-63146A318C87}.Release|Any CPU.Build.0 = Release|Any CPU
		{5996A318-3F74-44BC-97C1-21CD0C2D1406}.Debug|Any CPU.ActiveCfg = Debug|Any CPU
		{5996A318-3F74-44BC-97C1-21CD0C2D1406}.Debug|Any CPU.Build.0 = Debug|Any CPU
		{5996A318-3F74-44BC-97C1-21CD0C2D1406}.Release|Any CPU.ActiveCfg = Release|Any CPU
		{5996A318-3F74-44BC-97C1-21CD0C2D1406}.Release|Any CPU.Build.0 = Release|Any CPU
		{B9AD1505-71F9-4D20-80E5-55970B5B3064}.Debug|Any CPU.ActiveCfg = Debug|Any CPU
		{B9AD1505-71F9-4D20-80E5-55970B5B3064}.Debug|Any CPU.Build.0 = Debug|Any CPU
		{B9AD1505-71F9-4D20-80E5-55970B5B3064}.Release|Any CPU.ActiveCfg = Release|Any CPU
		{B9AD1505-71F9-4D20-80E5-55970B5B3064}.Release|Any CPU.Build.0 = Release|Any CPU
		{5ED7EF2D-8F9B-4F06-B679-E3A5D091DB1D}.Debug|Any CPU.ActiveCfg = Debug|Any CPU
		{5ED7EF2D-8F9B-4F06-B679-E3A5D091DB1D}.Debug|Any CPU.Build.0 = Debug|Any CPU
		{5ED7EF2D-8F9B-4F06-B679-E3A5D091DB1D}.Release|Any CPU.ActiveCfg = Release|Any CPU
		{5ED7EF2D-8F9B-4F06-B679-E3A5D091DB1D}.Release|Any CPU.Build.0 = Release|Any CPU
	EndGlobalSection
	GlobalSection(SolutionProperties) = preSolution
		HideSolutionNode = FALSE
	EndGlobalSection
	GlobalSection(ExtensibilityGlobals) = postSolution
		SolutionGuid = {1740743A-681C-4D0C-AD54-906ED0C8AB7F}
	EndGlobalSection
EndGlobal
